# This file is autogenerated, do not edit; changes may be undone by the next 'dep ensure'.


[[projects]]
  digest = "1:745bc6300190908c71ec4c641b83e903da724bae0c91b9dc539650b833e22fb4"
  name = "github.com/awslabs/goformation"
  packages = [
    "cloudformation",
    "intrinsics",
  ]
  pruneopts = "UT"
  revision = "d42502ef32a8892bf380256e2f57c6f69190d802"
  version = "1.2.2"

[[projects]]
  digest = "1:8eb1de8112c9924d59bf1d3e5c26f5eaa2bfc2a5fcbb92dc1c2e4546d695f277"
  name = "github.com/imdario/mergo"
  packages = ["."]
  pruneopts = "UT"
  revision = "9f23e2d6bd2a77f959b2bf6acdbefd708a83a4a4"
  version = "v0.3.6"

[[projects]]
  digest = "1:53bc4cd4914cd7cd52139990d5170d6dc99067ae31c56530621b18b35fc30318"
  name = "github.com/mitchellh/mapstructure"
  packages = ["."]
  pruneopts = "UT"
  revision = "3536a929edddb9a5b34bd6861dc4a9647cb459fe"
  version = "v1.1.2"

[[projects]]
  branch = "v2"
  digest = "1:5835650e7146933cb65ba1b4dcb15bf0982e6edf5f8d8a2c44450a0523b31396"
  name = "github.com/sanathkr/go-yaml"
  packages = ["."]
  pruneopts = "UT"
  revision = "ed9d249f429b3f5a69f80a7abef6bfce81fef894"

[[projects]]
  digest = "1:2cd7915ab26ede7d95b8749e6b1f933f1c6d5398030684e6505940a10f31cfda"
  name = "github.com/sanathkr/yaml"
  packages = ["."]
  pruneopts = "UT"
  revision = "0ca9ea5df5451ffdf184b4428c902747c2c11cd7"
  version = "v1.0.0"

[[projects]]
  branch = "master"
  digest = "1:b34d628b92709a99612839d40fd03b545c41e7998efcda71ced0a9d2cfd64c4d"
  name = "github.com/thepauleh/goserverless"
  packages = ["serverless"]
  pruneopts = "UT"
  revision = "0d6ac60e3ab81e44cb113bd0aad4f799629ffa8c"

[[projects]]
  digest = "1:4d2e5a73dc1500038e504a8d78b986630e3626dc027bc030ba5c75da257cdb96"
  name = "gopkg.in/yaml.v2"
  packages = ["."]
  pruneopts = "UT"
  revision = "51d6538a90f86fe93ac480b35f37b2be17fef232"
  version = "v2.2.2"

[solve-meta]
  analyzer-name = "dep"
  analyzer-version = 1
  input-imports = ["github.com/thepauleh/goserverless/serverless"]
  solver-name = "gps-cdcl"
  solver-version = 1
